// !$*UTF8*$!
{
	archiveVersion = 1;
	classes = {
	};
	objectVersion = 77;
	objects = {

/* Begin PBXBuildFile section */
		42522AF3FC5BE4F5F2DBED0F /* WebContainerView.swift in Sources */ = {isa = PBXBuildFile; fileRef = 572C8069499275A0FDCD8F79 /* WebContainerView.swift */; };
		9DB9665B4DBE5C2459F50F68 /* ContentView.swift in Sources */ = {isa = PBXBuildFile; fileRef = 9D3E65D8AD89C738F62A10E2 /* ContentView.swift */; };
		D0496F80D8C2AEF3AA523028 /* UMRRemoteApp.swift in Sources */ = {isa = PBXBuildFile; fileRef = 4FFEA892AA1C0C00B98B7F54 /* UMRRemoteApp.swift */; };
/* End PBXBuildFile section */

/* Begin PBXFileReference section */
		4FFEA892AA1C0C00B98B7F54 /* UMRRemoteApp.swift */ = {isa = PBXFileReference; lastKnownFileType = sourcecode.swift; path = UMRRemoteApp.swift; sourceTree = "<group>"; };
		572C8069499275A0FDCD8F79 /* WebContainerView.swift */ = {isa = PBXFileReference; lastKnownFileType = sourcecode.swift; path = WebContainerView.swift; sourceTree = "<group>"; };
		7DF842ABD1BCB77AFCB4F6E6 /* UMRRemote.app */ = {isa = PBXFileReference; includeInIndex = 0; lastKnownFileType = wrapper.application; path = UMRRemote.app; sourceTree = BUILT_PRODUCTS_DIR; };
		9D3E65D8AD89C738F62A10E2 /* ContentView.swift */ = {isa = PBXFileReference; lastKnownFileType = sourcecode.swift; path = ContentView.swift; sourceTree = "<group>"; };
		A1FFD3BC4362ED6EDEB69246 /* Info.plist */ = {isa = PBXFileReference; lastKnownFileType = text.plist; path = Info.plist; sourceTree = "<group>"; };
/* End PBXFileReference section */

/* Begin PBXGroup section */
		98D5E93EE6201C5C2DA5412A = {
			isa = PBXGroup;
			children = (
				E772F07AA29C94EE5303ECDE /* UMRRemote */,
				B6BFBCDE5EAEE4537926A6E8 /* Products */,
			);
			sourceTree = "<group>";
		};
		B6BFBCDE5EAEE4537926A6E8 /* Products */ = {
			isa = PBXGroup;
			children = (
				7DF842ABD1BCB77AFCB4F6E6 /* UMRRemote.app */,
			);
			name = Products;
			sourceTree = "<group>";
		};
		E772F07AA29C94EE5303ECDE /* UMRRemote */ = {
			isa = PBXGroup;
			children = (
				9D3E65D8AD89C738F62A10E2 /* ContentView.swift */,
				A1FFD3BC4362ED6EDEB69246 /* Info.plist */,
				4FFEA892AA1C0C00B98B7F54 /* UMRRemoteApp.swift */,
				572C8069499275A0FDCD8F79 /* WebContainerView.swift */,
			);
			path = UMRRemote;
			sourceTree = "<group>";
		};
/* End PBXGroup section */

/* Begin PBXNativeTarget section */
		6897A467BAC1737148DCBF93 /* UMRRemote */ = {
			isa = PBXNativeTarget;
			buildConfigurationList = DAE0437D554B3E9D6439856E /* Build configuration list for PBXNativeTarget "UMRRemote" */;
			buildPhases = (
				62B148E0FD1F736F26B79012 /* Sources */,
				9080C73D542774AEF17CCC5A /* Copy Web Assets */,
			);
			buildRules = (
			);
			dependencies = (
			);
			name = UMRRemote;
			packageProductDependencies = (
			);
			productName = UMRRemote;
			productReference = 7DF842ABD1BCB77AFCB4F6E6 /* UMRRemote.app */;
			productType = "com.apple.product-type.application";
		};
/* End PBXNativeTarget section */

/* Begin PBXProject section */
		A36E3BE946E99EF873C4F38A /* Project object */ = {
			isa = PBXProject;
			attributes = {
				BuildIndependentTargetsInParallel = YES;
				LastUpgradeCheck = 1430;
				TargetAttributes = {
					6897A467BAC1737148DCBF93 = {
						DevelopmentTeam = 92UQHWCN4D;
						ProvisioningStyle = Automatic;
					};
				};
			};
			buildConfigurationList = 457AC786826F6EBEC165A07B /* Build configuration list for PBXProject "UMRRemote" */;
			developmentRegion = en;
			hasScannedForEncodings = 0;
			knownRegions = (
				Base,
				en,
			);
			mainGroup = 98D5E93EE6201C5C2DA5412A;
			minimizedProjectReferenceProxies = 1;
			preferredProjectObjectVersion = 77;
			productRefGroup = B6BFBCDE5EAEE4537926A6E8 /* Products */;
			projectDirPath = "";
			projectRoot = "";
			targets = (
				6897A467BAC1737148DCBF93 /* UMRRemote */,
			);
		};
/* End PBXProject section */

/* Begin PBXShellScriptBuildPhase section */
		9080C73D542774AEF17CCC5A /* Copy Web Assets */ = {
			isa = PBXShellScriptBuildPhase;
			buildActionMask = 2147483647;
			files = (
			);
			inputFileListPaths = (
			);
			inputPaths = (
			);
			name = "Copy Web Assets";
			outputFileListPaths = (
			);
			outputPaths = (
			);
			runOnlyForDeploymentPostprocessing = 0;
			shellPath = /bin/sh;
			shellScript = "set -euo pipefail\nROOT_DIR=\"${PROJECT_DIR}/..\"\nDEST_DIR=\"${TARGET_BUILD_DIR}/${UNLOCALIZED_RESOURCES_FOLDER_PATH}/Web\"\nmkdir -p \"${DEST_DIR}\"\ncp \"${ROOT_DIR}/index.html\" \"${DEST_DIR}/index.html\"\ncp \"${ROOT_DIR}/styles.css\" \"${DEST_DIR}/styles.css\"\ncp \"${ROOT_DIR}/app.js\" \"${DEST_DIR}/app.js\"\n";
		};
/* End PBXShellScriptBuildPhase section */

/* Begin PBXSourcesBuildPhase section */
		62B148E0FD1F736F26B79012 /* Sources */ = {
			isa = PBXSourcesBuildPhase;
			buildActionMask = 2147483647;
			files = (
				9DB9665B4DBE5C2459F50F68 /* ContentView.swift in Sources */,
				D0496F80D8C2AEF3AA523028 /* UMRRemoteApp.swift in Sources */,
				42522AF3FC5BE4F5F2DBED0F /* WebContainerView.swift in Sources */,
			);
			runOnlyForDeploymentPostprocessing = 0;
		};
/* End PBXSourcesBuildPhase section */

/* Begin XCBuildConfiguration section */
		5918A41AED1D79D5F19888F8 /* Release */ = {
			isa = XCBuildConfiguration;
			buildSettings = {
				ASSETCATALOG_COMPILER_APPICON_NAME = AppIcon;
				CODE_SIGN_IDENTITY = "iPhone Developer";
				INFOPLIST_FILE = UMRRemote/Info.plist;
				IPHONEOS_DEPLOYMENT_TARGET = 16.0;
				LD_RUNPATH_SEARCH_PATHS = (
					"$(inherited)",
					"@executable_path/Frameworks",
				);
				SDKROOT = iphoneos;
				TARGETED_DEVICE_FAMILY = "1,2";
			};
			name = Release;
		};
		605716A9BD8EBA125348C254 /* Debug */ = {
			isa = XCBuildConfiguration;
			buildSettings = {
				ASSETCATALOG_COMPILER_APPICON_NAME = AppIcon;
				CODE_SIGN_IDENTITY = "iPhone Developer";
				INFOPLIST_FILE = UMRRemote/Info.plist;
				IPHONEOS_DEPLOYMENT_TARGET = 16.0;
				LD_RUNPATH_SEARCH_PATHS = (
					"$(inherited)",
					"@executable_path/Frameworks",
				);
				SDKROOT = iphoneos;
				TARGETED_DEVICE_FAMILY = "1,2";
			};
			name = Debug;
		};
		953FAB3B321433FAD57129D3 /* Release */ = {
			isa = XCBuildConfiguration;
			buildSettings = {
				ALWAYS_SEARCH_USER_PATHS = NO;
				CLANG_ANALYZER_NONNULL = YES;
				CLANG_ANALYZER_NUMBER_OBJECT_CONVERSION = YES_AGGRESSIVE;
				CLANG_CXX_LANGUAGE_STANDARD = "gnu++14";
				CLANG_CXX_LIBRARY = "libc++";
				CLANG_ENABLE_MODULES = YES;
				CLANG_ENABLE_OBJC_ARC = YES;
				CLANG_ENABLE_OBJC_WEAK = YES;
				CLANG_WARN_BLOCK_CAPTURE_AUTORELEASING = YES;
				CLANG_WARN_BOOL_CONVERSION = YES;
				CLANG_WARN_COMMA = YES;
				CLANG_WARN_CONSTANT_CONVERSION = YES;
				CLANG_WARN_DEPRECATED_OBJC_IMPLEMENTATIONS = YES;
				CLANG_WARN_DIRECT_OBJC_ISA_USAGE = YES_ERROR;
				CLANG_WARN_DOCUMENTATION_COMMENTS = YES;
				CLANG_WARN_EMPTY_BODY = YES;
				CLANG_WARN_ENUM_CONVERSION = YES;
				CLANG_WARN_INFINITE_RECURSION = YES;
				CLANG_WARN_INT_CONVERSION = YES;
				CLANG_WARN_NON_LITERAL_NULL_CONVERSION = YES;
				CLANG_WARN_OBJC_IMPLICIT_RETAIN_SELF = YES;
				CLANG_WARN_OBJC_LITERAL_CONVERSION = YES;
				CLANG_WARN_OBJC_ROOT_CLASS = YES_ERROR;
				CLANG_WARN_QUOTED_INCLUDE_IN_FRAMEWORK_HEADER = YES;
				CLANG_WARN_RANGE_LOOP_ANALYSIS = YES;
				CLANG_WARN_STRICT_PROTOTYPES = YES;
				CLANG_WARN_SUSPICIOUS_MOVE = YES;
				CLANG_WARN_UNGUARDED_AVAILABILITY = YES_AGGRESSIVE;
				CLANG_WARN_UNREACHABLE_CODE = YES;
				CLANG_WARN__DUPLICATE_METHOD_MATCH = YES;
				CODE_SIGN_STYLE = Automatic;
				COPY_PHASE_STRIP = NO;
				DEBUG_INFORMATION_FORMAT = "dwarf-with-dsym";
				DEVELOPMENT_TEAM = 92UQHWCN4D;
				ENABLE_NS_ASSERTIONS = NO;
				ENABLE_STRICT_OBJC_MSGSEND = YES;
				GCC_C_LANGUAGE_STANDARD = gnu11;
				GCC_NO_COMMON_BLOCKS = YES;
				GCC_WARN_64_TO_32_BIT_CONVERSION = YES;
				GCC_WARN_ABOUT_RETURN_TYPE = YES_ERROR;
				GCC_WARN_UNDECLARED_SELECTOR = YES;
				GCC_WARN_UNINITIALIZED_AUTOS = YES_AGGRESSIVE;
				GCC_WARN_UNUSED_FUNCTION = YES;
				GCC_WARN_UNUSED_VARIABLE = YES;
				MTL_ENABLE_DEBUG_INFO = NO;
				MTL_FAST_MATH = YES;
				PRODUCT_BUNDLE_IDENTIFIER = com.umr.remote;
				PRODUCT_NAME = "$(TARGET_NAME)";
				SDKROOT = iphoneos;
				SWIFT_COMPILATION_MODE = wholemodule;
				SWIFT_OPTIMIZATION_LEVEL = "-O";
				SWIFT_VERSION = 5.0;
				TARGETED_DEVICE_FAMILY = "1,2";
			};
			name = Release;
		};
		C83F453A9CB21433CBC35368 /* Debug */ = {
			isa = XCBuildConfiguration;
			buildSettings = {
				ALWAYS_SEARCH_USER_PATHS = NO;
				CLANG_ANALYZER_NONNULL = YES;
				CLANG_ANALYZER_NUMBER_OBJECT_CONVERSION = YES_AGGRESSIVE;
				CLANG_CXX_LANGUAGE_STANDARD = "gnu++14";
				CLANG_CXX_LIBRARY = "libc++";
				CLANG_ENABLE_MODULES = YES;
				CLANG_ENABLE_OBJC_ARC = YES;
				CLANG_ENABLE_OBJC_WEAK = YES;
				CLANG_WARN_BLOCK_CAPTURE_AUTORELEASING = YES;
				CLANG_WARN_BOOL_CONVERSION = YES;
				CLANG_WARN_COMMA = YES;
				CLANG_WARN_CONSTANT_CONVERSION = YES;
				CLANG_WARN_DEPRECATED_OBJC_IMPLEMENTATIONS = YES;
				CLANG_WARN_DIRECT_OBJC_ISA_USAGE = YES_ERROR;
				CLANG_WARN_DOCUMENTATION_COMMENTS = YES;
				CLANG_WARN_EMPTY_BODY = YES;
				CLANG_WARN_ENUM_CONVERSION = YES;
				CLANG_WARN_INFINITE_RECURSION = YES;
				CLANG_WARN_INT_CONVERSION = YES;
				CLANG_WARN_NON_LITERAL_NULL_CONVERSION = YES;
				CLANG_WARN_OBJC_IMPLICIT_RETAIN_SELF = YES;
				CLANG_WARN_OBJC_LITERAL_CONVERSION = YES;
				CLANG_WARN_OBJC_ROOT_CLASS = YES_ERROR;
				CLANG_WARN_QUOTED_INCLUDE_IN_FRAMEWORK_HEADER = YES;
				CLANG_WARN_RANGE_LOOP_ANALYSIS = YES;
				CLANG_WARN_STRICT_PROTOTYPES = YES;
				CLANG_WARN_SUSPICIOUS_MOVE = YES;
				CLANG_WARN_UNGUARDED_AVAILABILITY = YES_AGGRESSIVE;
				CLANG_WARN_UNREACHABLE_CODE = YES;
				CLANG_WARN__DUPLICATE_METHOD_MATCH = YES;
				CODE_SIGN_STYLE = Automatic;
				COPY_PHASE_STRIP = NO;
				DEBUG_INFORMATION_FORMAT = dwarf;
				DEVELOPMENT_TEAM = 92UQHWCN4D;
				ENABLE_STRICT_OBJC_MSGSEND = YES;
				ENABLE_TESTABILITY = YES;
				GCC_C_LANGUAGE_STANDARD = gnu11;
				GCC_DYNAMIC_NO_PIC = NO;
				GCC_NO_COMMON_BLOCKS = YES;
				GCC_OPTIMIZATION_LEVEL = 0;
				GCC_PREPROCESSOR_DEFINITIONS = (
					"$(inherited)",
					"DEBUG=1",
				);
				GCC_WARN_64_TO_32_BIT_CONVERSION = YES;
				GCC_WARN_ABOUT_RETURN_TYPE = YES_ERROR;
				GCC_WARN_UNDECLARED_SELECTOR = YES;
				GCC_WARN_UNINITIALIZED_AUTOS = YES_AGGRESSIVE;
				GCC_WARN_UNUSED_FUNCTION = YES;
				GCC_WARN_UNUSED_VARIABLE = YES;
				MTL_ENABLE_DEBUG_INFO = INCLUDE_SOURCE;
				MTL_FAST_MATH = YES;
				ONLY_ACTIVE_ARCH = YES;
				PRODUCT_BUNDLE_IDENTIFIER = com.umr.remote;
				PRODUCT_NAME = "$(TARGET_NAME)";
				SDKROOT = iphoneos;
				SWIFT_ACTIVE_COMPILATION_CONDITIONS = DEBUG;
				SWIFT_OPTIMIZATION_LEVEL = "-Onone";
				SWIFT_VERSION = 5.0;
				TARGETED_DEVICE_FAMILY = "1,2";
			};
			name = Debug;
		};
/* End XCBuildConfiguration section */

/* Begin XCConfigurationList section */
		457AC786826F6EBEC165A07B /* Build configuration list for PBXProject "UMRRemote" */ = {
			isa = XCConfigurationList;
			buildConfigurations = (
				C83F453A9CB21433CBC35368 /* Debug */,
				953FAB3B321433FAD57129D3 /* Release */,
			);
			defaultConfigurationIsVisible = 0;
			defaultConfigurationName = Debug;
		};
		DAE0437D554B3E9D6439856E /* Build configuration list for PBXNativeTarget "UMRRemote" */ = {
			isa = XCConfigurationList;
			buildConfigurations = (
				605716A9BD8EBA125348C254 /* Debug */,
				5918A41AED1D79D5F19888F8 /* Release */,
			);
			defaultConfigurationIsVisible = 0;
			defaultConfigurationName = Debug;
		};
/* End XCConfigurationList section */
	};
	rootObject = A36E3BE946E99EF873C4F38A /* Project object */;
}
